
Microsoft Visual Studio Solution File, Format Version 12.00
# Visual Studio Version 17
VisualStudioVersion = 17.4.33110.190
MinimumVisualStudioVersion = 10.0.40219.1
Project("{FAE04EC0-301F-11D3-BF4B-00C04F79EFBC}") = "Sesion3", "Sesion3.csproj", "{ECF63260-3C31-4617-B778-C03551E5D919}"
EndProject
Global
	GlobalSection(SolutionConfigurationPlatforms) = preSolution
		Debug|Any CPU = Debug|Any CPU
		Release|Any CPU = Release|Any CPU
	EndGlobalSection
	GlobalSection(ProjectConfigurationPlatforms) = postSolution
		{ECF63260-3C31-4617-B778-C03551E5D919}.Debug|Any CPU.ActiveCfg = Debug|Any CPU
		{ECF63260-3C31-4617-B778-C03551E5D919}.Debug|Any CPU.Build.0 = Debug|Any CPU
		{ECF63260-3C31-4617-B778-C03551E5D919}.Release|Any CPU.ActiveCfg = Release|Any CPU
		{ECF63260-3C31-4617-B778-C03551E5D919}.Release|Any CPU.Build.0 = Release|Any CPU
	EndGlobalSection
	GlobalSection(SolutionProperties) = preSolution
		HideSolutionNode = FALSE
	EndGlobalSection
	GlobalSection(ExtensibilityGlobals) = postSolution
		SolutionGuid = {2F4BA206-B0AC-43B7-A849-53EBBDF41D8E}
	EndGlobalSection
EndGlobal
